
Microsoft Visual Studio Solution File, Format Version 12.00
# Visual Studio 2017
Project("{FAE04EC0-301F-11D3-BF4B-00C04F79EFBC}") = "game_making", "game_making.csproj", "{A7EA8888-1F72-D0B8-CEDB-A2CF02E744DA}"
EndProject
Global
	GlobalSection(SolutionConfigurationPlatforms) = preSolution
		Debug|Any CPU = Debug|Any CPU
		Release|Any CPU = Release|Any CPU
	EndGlobalSection
	GlobalSection(ProjectConfigurationPlatforms) = postSolution
		{A7EA8888-1F72-D0B8-CEDB-A2CF02E744DA}.Debug|Any CPU.ActiveCfg = Debug|Any CPU
		{A7EA8888-1F72-D0B8-CEDB-A2CF02E744DA}.Debug|Any CPU.Build.0 = Debug|Any CPU
		{A7EA8888-1F72-D0B8-CEDB-A2CF02E744DA}.Release|Any CPU.ActiveCfg = Release|Any CPU
		{A7EA8888-1F72-D0B8-CEDB-A2CF02E744DA}.Release|Any CPU.Build.0 = Release|Any CPU
	EndGlobalSection
	GlobalSection(SolutionProperties) = preSolution
		HideSolutionNode = FALSE
	EndGlobalSection
EndGlobal
